
Microsoft Visual Studio Solution File, Format Version 12.00
# Visual Studio Version 17
VisualStudioVersion = 17.0.31919.166
MinimumVisualStudioVersion = 10.0.40219.1
Project("{FAE04EC0-301F-11D3-BF4B-00C04F79EFBC}") = "MyNUnit", "MyNUnit.csproj", "{A8DBA6C1-C2EF-4A21-86D1-968F2FF90B14}"
EndProject
Project("{FAE04EC0-301F-11D3-BF4B-00C04F79EFBC}") = "MyNUnitTests", "..\MyNUnitTests\MyNUnitTests.csproj", "{E749D29B-8FC7-4A6A-82D6-10FCADF63DE8}"
EndProject
Project("{2150E333-8FDC-42A3-9474-1A3956D46DE8}") = "TestClasses", "TestClasses", "{590F235F-C45D-4AD0-B8D6-B66080973DAC}"
EndProject
Project("{FAE04EC0-301F-11D3-BF4B-00C04F79EFBC}") = "Test2", "..\TestClasses\Test2\Test2.csproj", "{4919A4AE-C5B0-4991-B1CF-92E50B30FD55}"
EndProject
Project("{FAE04EC0-301F-11D3-BF4B-00C04F79EFBC}") = "Test1", "..\TestClasses\Test1\Test1.csproj", "{8354BC01-7F7F-43F9-B8E9-A6A089AB4E57}"
EndProject
Project("{FAE04EC0-301F-11D3-BF4B-00C04F79EFBC}") = "Test3", "..\TestClasses\Test3\Test3.csproj", "{80FC4DAA-A74C-48BE-9865-51CEC2AE3D74}"
EndProject
Project("{FAE04EC0-301F-11D3-BF4B-00C04F79EFBC}") = "Test4", "..\TestClasses\Test4\Test4.csproj", "{3F935EF8-FD6E-4E2F-9C14-5D7978E85652}"
EndProject
Project("{FAE04EC0-301F-11D3-BF4B-00C04F79EFBC}") = "Test5", "..\TestClasses\Test5\Test5.csproj", "{29FBF4CE-A60D-430A-AE77-10C159E50E39}"
EndProject
Project("{FAE04EC0-301F-11D3-BF4B-00C04F79EFBC}") = "Test6", "..\TestClasses\Test6\Test6.csproj", "{E11CF4FC-B9E1-49E8-84F5-2B8AE25F2C0D}"
EndProject
Global
	GlobalSection(SolutionConfigurationPlatforms) = preSolution
		Debug|Any CPU = Debug|Any CPU
		Release|Any CPU = Release|Any CPU
	EndGlobalSection
	GlobalSection(ProjectConfigurationPlatforms) = postSolution
		{A8DBA6C1-C2EF-4A21-86D1-968F2FF90B14}.Debug|Any CPU.ActiveCfg = Debug|Any CPU
		{A8DBA6C1-C2EF-4A21-86D1-968F2FF90B14}.Debug|Any CPU.Build.0 = Debug|Any CPU
		{A8DBA6C1-C2EF-4A21-86D1-968F2FF90B14}.Release|Any CPU.ActiveCfg = Release|Any CPU
		{A8DBA6C1-C2EF-4A21-86D1-968F2FF90B14}.Release|Any CPU.Build.0 = Release|Any CPU
		{E749D29B-8FC7-4A6A-82D6-10FCADF63DE8}.Debug|Any CPU.ActiveCfg = Debug|Any CPU
		{E749D29B-8FC7-4A6A-82D6-10FCADF63DE8}.Debug|Any CPU.Build.0 = Debug|Any CPU
		{E749D29B-8FC7-4A6A-82D6-10FCADF63DE8}.Release|Any CPU.ActiveCfg = Release|Any CPU
		{E749D29B-8FC7-4A6A-82D6-10FCADF63DE8}.Release|Any CPU.Build.0 = Release|Any CPU
		{4919A4AE-C5B0-4991-B1CF-92E50B30FD55}.Debug|Any CPU.ActiveCfg = Debug|Any CPU
		{4919A4AE-C5B0-4991-B1CF-92E50B30FD55}.Debug|Any CPU.Build.0 = Debug|Any CPU
		{4919A4AE-C5B0-4991-B1CF-92E50B30FD55}.Release|Any CPU.ActiveCfg = Release|Any CPU
		{4919A4AE-C5B0-4991-B1CF-92E50B30FD55}.Release|Any CPU.Build.0 = Release|Any CPU
		{8354BC01-7F7F-43F9-B8E9-A6A089AB4E57}.Debug|Any CPU.ActiveCfg = Debug|Any CPU
		{8354BC01-7F7F-43F9-B8E9-A6A089AB4E57}.Debug|Any CPU.Build.0 = Debug|Any CPU
		{8354BC01-7F7F-43F9-B8E9-A6A089AB4E57}.Release|Any CPU.ActiveCfg = Release|Any CPU
		{8354BC01-7F7F-43F9-B8E9-A6A089AB4E57}.Release|Any CPU.Build.0 = Release|Any CPU
		{80FC4DAA-A74C-48BE-9865-51CEC2AE3D74}.Debug|Any CPU.ActiveCfg = Debug|Any CPU
		{80FC4DAA-A74C-48BE-9865-51CEC2AE3D74}.Debug|Any CPU.Build.0 = Debug|Any CPU
		{80FC4DAA-A74C-48BE-9865-51CEC2AE3D74}.Release|Any CPU.ActiveCfg = Release|Any CPU
		{80FC4DAA-A74C-48BE-9865-51CEC2AE3D74}.Release|Any CPU.Build.0 = Release|Any CPU
		{3F935EF8-FD6E-4E2F-9C14-5D7978E85652}.Debug|Any CPU.ActiveCfg = Debug|Any CPU
		{3F935EF8-FD6E-4E2F-9C14-5D7978E85652}.Debug|Any CPU.Build.0 = Debug|Any CPU
		{3F935EF8-FD6E-4E2F-9C14-5D7978E85652}.Release|Any CPU.ActiveCfg = Release|Any CPU
		{3F935EF8-FD6E-4E2F-9C14-5D7978E85652}.Release|Any CPU.Build.0 = Release|Any CPU
		{29FBF4CE-A60D-430A-AE77-10C159E50E39}.Debug|Any CPU.ActiveCfg = Debug|Any CPU
		{29FBF4CE-A60D-430A-AE77-10C159E50E39}.Debug|Any CPU.Build.0 = Debug|Any CPU
		{29FBF4CE-A60D-430A-AE77-10C159E50E39}.Release|Any CPU.ActiveCfg = Release|Any CPU
		{29FBF4CE-A60D-430A-AE77-10C159E50E39}.Release|Any CPU.Build.0 = Release|Any CPU
		{E11CF4FC-B9E1-49E8-84F5-2B8AE25F2C0D}.Debug|Any CPU.ActiveCfg = Debug|Any CPU
		{E11CF4FC-B9E1-49E8-84F5-2B8AE25F2C0D}.Debug|Any CPU.Build.0 = Debug|Any CPU
		{E11CF4FC-B9E1-49E8-84F5-2B8AE25F2C0D}.Release|Any CPU.ActiveCfg = Release|Any CPU
		{E11CF4FC-B9E1-49E8-84F5-2B8AE25F2C0D}.Release|Any CPU.Build.0 = Release|Any CPU
	EndGlobalSection
	GlobalSection(SolutionProperties) = preSolution
		HideSolutionNode = FALSE
	EndGlobalSection
	GlobalSection(NestedProjects) = preSolution
		{4919A4AE-C5B0-4991-B1CF-92E50B30FD55} = {590F235F-C45D-4AD0-B8D6-B66080973DAC}
		{8354BC01-7F7F-43F9-B8E9-A6A089AB4E57} = {590F235F-C45D-4AD0-B8D6-B66080973DAC}
		{80FC4DAA-A74C-48BE-9865-51CEC2AE3D74} = {590F235F-C45D-4AD0-B8D6-B66080973DAC}
		{3F935EF8-FD6E-4E2F-9C14-5D7978E85652} = {590F235F-C45D-4AD0-B8D6-B66080973DAC}
		{29FBF4CE-A60D-430A-AE77-10C159E50E39} = {590F235F-C45D-4AD0-B8D6-B66080973DAC}
		{E11CF4FC-B9E1-49E8-84F5-2B8AE25F2C0D} = {590F235F-C45D-4AD0-B8D6-B66080973DAC}
	EndGlobalSection
	GlobalSection(ExtensibilityGlobals) = postSolution
		SolutionGuid = {72158D93-95BB-4FFC-9200-C22FE29121E2}
	EndGlobalSection
EndGlobal
