
Microsoft Visual Studio Solution File, Format Version 12.00
# Visual Studio Version 16
VisualStudioVersion = 16.0.31624.102
MinimumVisualStudioVersion = 10.0.40219.1
Project("{9A19103F-16F7-4668-BE54-9A1E7A4F7556}") = "MyNUnit", "MyNUnit.csproj", "{12E24E3F-D342-47FC-BA73-E4CF90E07986}"
EndProject
Project("{FAE04EC0-301F-11D3-BF4B-00C04F79EFBC}") = "MyNUnitTests", "..\MyNUnitTests\MyNUnitTests.csproj", "{0D80B58D-B643-4985-BD5C-8446CA208EC2}"
EndProject
Global
	GlobalSection(SolutionConfigurationPlatforms) = preSolution
		Debug|Any CPU = Debug|Any CPU
		Release|Any CPU = Release|Any CPU
	EndGlobalSection
	GlobalSection(ProjectConfigurationPlatforms) = postSolution
		{12E24E3F-D342-47FC-BA73-E4CF90E07986}.Debug|Any CPU.ActiveCfg = Debug|Any CPU
		{12E24E3F-D342-47FC-BA73-E4CF90E07986}.Debug|Any CPU.Build.0 = Debug|Any CPU
		{12E24E3F-D342-47FC-BA73-E4CF90E07986}.Release|Any CPU.ActiveCfg = Release|Any CPU
		{12E24E3F-D342-47FC-BA73-E4CF90E07986}.Release|Any CPU.Build.0 = Release|Any CPU
		{0D80B58D-B643-4985-BD5C-8446CA208EC2}.Debug|Any CPU.ActiveCfg = Debug|Any CPU
		{0D80B58D-B643-4985-BD5C-8446CA208EC2}.Debug|Any CPU.Build.0 = Debug|Any CPU
		{0D80B58D-B643-4985-BD5C-8446CA208EC2}.Release|Any CPU.ActiveCfg = Release|Any CPU
		{0D80B58D-B643-4985-BD5C-8446CA208EC2}.Release|Any CPU.Build.0 = Release|Any CPU
	EndGlobalSection
	GlobalSection(SolutionProperties) = preSolution
		HideSolutionNode = FALSE
	EndGlobalSection
	GlobalSection(ExtensibilityGlobals) = postSolution
		SolutionGuid = {2095CFF0-F67D-4E2A-8D67-9F517907E8E3}
	EndGlobalSection
EndGlobal
