
Microsoft Visual Studio Solution File, Format Version 12.00
# Visual Studio Version 17
VisualStudioVersion = 17.0.31919.166
MinimumVisualStudioVersion = 10.0.40219.1
Project("{FAE04EC0-301F-11D3-BF4B-00C04F79EFBC}") = "MyThreadPool", "MyThreadPool.csproj", "{B25E2BEC-0E57-405D-A8EC-7F1E56BD385E}"
EndProject
Global
	GlobalSection(SolutionConfigurationPlatforms) = preSolution
		Debug|Any CPU = Debug|Any CPU
		Release|Any CPU = Release|Any CPU
	EndGlobalSection
	GlobalSection(ProjectConfigurationPlatforms) = postSolution
		{B25E2BEC-0E57-405D-A8EC-7F1E56BD385E}.Debug|Any CPU.ActiveCfg = Debug|Any CPU
		{B25E2BEC-0E57-405D-A8EC-7F1E56BD385E}.Debug|Any CPU.Build.0 = Debug|Any CPU
		{B25E2BEC-0E57-405D-A8EC-7F1E56BD385E}.Release|Any CPU.ActiveCfg = Release|Any CPU
		{B25E2BEC-0E57-405D-A8EC-7F1E56BD385E}.Release|Any CPU.Build.0 = Release|Any CPU
	EndGlobalSection
	GlobalSection(SolutionProperties) = preSolution
		HideSolutionNode = FALSE
	EndGlobalSection
	GlobalSection(ExtensibilityGlobals) = postSolution
		SolutionGuid = {5BEE05F2-D5E1-4214-9BAC-0F65C5B9FA93}
	EndGlobalSection
EndGlobal
