
Microsoft Visual Studio Solution File, Format Version 12.00
# Visual Studio Version 16
VisualStudioVersion = 16.0.31624.102
MinimumVisualStudioVersion = 10.0.40219.1
Project("{9A19103F-16F7-4668-BE54-9A1E7A4F7556}") = "MyFTP", "MyFTP.csproj", "{6F6C8FC2-BDC9-4629-B300-5BE9D6B1847C}"
EndProject
Project("{FAE04EC0-301F-11D3-BF4B-00C04F79EFBC}") = "MyFTPTests", "..\MyFTPTests\MyFTPTests.csproj", "{616455BB-CFB4-43E9-A431-C47433669E8F}"
	ProjectSection(ProjectDependencies) = postProject
		{6F6C8FC2-BDC9-4629-B300-5BE9D6B1847C} = {6F6C8FC2-BDC9-4629-B300-5BE9D6B1847C}
	EndProjectSection
EndProject
Global
	GlobalSection(SolutionConfigurationPlatforms) = preSolution
		Debug|Any CPU = Debug|Any CPU
		Release|Any CPU = Release|Any CPU
	EndGlobalSection
	GlobalSection(ProjectConfigurationPlatforms) = postSolution
		{6F6C8FC2-BDC9-4629-B300-5BE9D6B1847C}.Debug|Any CPU.ActiveCfg = Debug|Any CPU
		{6F6C8FC2-BDC9-4629-B300-5BE9D6B1847C}.Debug|Any CPU.Build.0 = Debug|Any CPU
		{6F6C8FC2-BDC9-4629-B300-5BE9D6B1847C}.Release|Any CPU.ActiveCfg = Release|Any CPU
		{6F6C8FC2-BDC9-4629-B300-5BE9D6B1847C}.Release|Any CPU.Build.0 = Release|Any CPU
		{616455BB-CFB4-43E9-A431-C47433669E8F}.Debug|Any CPU.ActiveCfg = Debug|Any CPU
		{616455BB-CFB4-43E9-A431-C47433669E8F}.Debug|Any CPU.Build.0 = Debug|Any CPU
		{616455BB-CFB4-43E9-A431-C47433669E8F}.Release|Any CPU.ActiveCfg = Release|Any CPU
		{616455BB-CFB4-43E9-A431-C47433669E8F}.Release|Any CPU.Build.0 = Release|Any CPU
	EndGlobalSection
	GlobalSection(SolutionProperties) = preSolution
		HideSolutionNode = FALSE
	EndGlobalSection
	GlobalSection(ExtensibilityGlobals) = postSolution
		SolutionGuid = {C0A1F8D3-2D6D-4853-BE44-69AE9979FCAF}
	EndGlobalSection
EndGlobal
