
Microsoft Visual Studio Solution File, Format Version 12.00
# Visual Studio Version 17
VisualStudioVersion = 17.0.31919.166
MinimumVisualStudioVersion = 10.0.40219.1
Project("{FAE04EC0-301F-11D3-BF4B-00C04F79EFBC}") = "MyFTPServer", "MyFTPServer\MyFTPServer.csproj", "{4E7D2EC7-C5A5-44C8-BEB8-75306886C62E}"
EndProject
Project("{FAE04EC0-301F-11D3-BF4B-00C04F79EFBC}") = "MyFTPClient", "MyFTPClient\MyFTPClient.csproj", "{98432679-FD18-40AE-BE93-4A2B92550698}"
EndProject
Project("{FAE04EC0-301F-11D3-BF4B-00C04F79EFBC}") = "MyFTPTests", "MyFTPTests\MyFTPTests.csproj", "{28CF411A-C245-4777-955C-FBF24F69734A}"
EndProject
Global
	GlobalSection(SolutionConfigurationPlatforms) = preSolution
		Debug|Any CPU = Debug|Any CPU
		Release|Any CPU = Release|Any CPU
	EndGlobalSection
	GlobalSection(ProjectConfigurationPlatforms) = postSolution
		{4E7D2EC7-C5A5-44C8-BEB8-75306886C62E}.Debug|Any CPU.ActiveCfg = Debug|Any CPU
		{4E7D2EC7-C5A5-44C8-BEB8-75306886C62E}.Debug|Any CPU.Build.0 = Debug|Any CPU
		{4E7D2EC7-C5A5-44C8-BEB8-75306886C62E}.Release|Any CPU.ActiveCfg = Release|Any CPU
		{4E7D2EC7-C5A5-44C8-BEB8-75306886C62E}.Release|Any CPU.Build.0 = Release|Any CPU
		{98432679-FD18-40AE-BE93-4A2B92550698}.Debug|Any CPU.ActiveCfg = Debug|Any CPU
		{98432679-FD18-40AE-BE93-4A2B92550698}.Debug|Any CPU.Build.0 = Debug|Any CPU
		{98432679-FD18-40AE-BE93-4A2B92550698}.Release|Any CPU.ActiveCfg = Release|Any CPU
		{98432679-FD18-40AE-BE93-4A2B92550698}.Release|Any CPU.Build.0 = Release|Any CPU
		{28CF411A-C245-4777-955C-FBF24F69734A}.Debug|Any CPU.ActiveCfg = Debug|Any CPU
		{28CF411A-C245-4777-955C-FBF24F69734A}.Debug|Any CPU.Build.0 = Debug|Any CPU
		{28CF411A-C245-4777-955C-FBF24F69734A}.Release|Any CPU.ActiveCfg = Release|Any CPU
		{28CF411A-C245-4777-955C-FBF24F69734A}.Release|Any CPU.Build.0 = Release|Any CPU
	EndGlobalSection
	GlobalSection(SolutionProperties) = preSolution
		HideSolutionNode = FALSE
	EndGlobalSection
	GlobalSection(ExtensibilityGlobals) = postSolution
		SolutionGuid = {5330935C-D7C1-4163-B283-D6573A7AEA89}
	EndGlobalSection
EndGlobal
